// !$*UTF8*$!
{
	archiveVersion = 1;
	classes = {
	};
	objectVersion = 48;
	objects = {

/* Begin PBXBuildFile section */
		BC5BC27C1FA392D100EBE001 /* AppDelegate.swift in Sources */ = {isa = PBXBuildFile; fileRef = BC5BC27B1FA392D100EBE001 /* AppDelegate.swift */; };
		BC5BC27E1FA392D100EBE001 /* ViewController.swift in Sources */ = {isa = PBXBuildFile; fileRef = BC5BC27D1FA392D100EBE001 /* ViewController.swift */; };
		BC5BC2811FA392D100EBE001 /* Main.storyboard in Resources */ = {isa = PBXBuildFile; fileRef = BC5BC27F1FA392D100EBE001 /* Main.storyboard */; };
		BC5BC2831FA392D100EBE001 /* Assets.xcassets in Resources */ = {isa = PBXBuildFile; fileRef = BC5BC2821FA392D100EBE001 /* Assets.xcassets */; };
		BC5BC2861FA392D100EBE001 /* LaunchScreen.storyboard in Resources */ = {isa = PBXBuildFile; fileRef = BC5BC2841FA392D100EBE001 /* LaunchScreen.storyboard */; };
		BC5BC2911FA392D200EBE001 /* ToDoListAppTests.swift in Sources */ = {isa = PBXBuildFile; fileRef = BC5BC2901FA392D200EBE001 /* ToDoListAppTests.swift */; };
		BC5BC29C1FA392D200EBE001 /* ToDoListAppUITests.swift in Sources */ = {isa = PBXBuildFile; fileRef = BC5BC29B1FA392D200EBE001 /* ToDoListAppUITests.swift */; };
/* End PBXBuildFile section */

/* Begin PBXContainerItemProxy section */
		BC5BC28D1FA392D200EBE001 /* PBXContainerItemProxy */ = {
			isa = PBXContainerItemProxy;
			containerPortal = BC5BC2701FA392D100EBE001 /* Project object */;
			proxyType = 1;
			remoteGlobalIDString = BC5BC2771FA392D100EBE001;
			remoteInfo = ToDoListApp;
		};
		BC5BC2981FA392D200EBE001 /* PBXContainerItemProxy */ = {
			isa = PBXContainerItemProxy;
			containerPortal = BC5BC2701FA392D100EBE001 /* Project object */;
			proxyType = 1;
			remoteGlobalIDString = BC5BC2771FA392D100EBE001;
			remoteInfo = ToDoListApp;
		};
/* End PBXContainerItemProxy section */

/* Begin PBXFileReference section */
		BC5BC2781FA392D100EBE001 /* ToDoListApp.app */ = {isa = PBXFileReference; explicitFileType = wrapper.application; includeInIndex = 0; path = ToDoListApp.app; sourceTree = BUILT_PRODUCTS_DIR; };
		BC5BC27B1FA392D100EBE001 /* AppDelegate.swift */ = {isa = PBXFileReference; lastKnownFileType = sourcecode.swift; path = AppDelegate.swift; sourceTree = "<group>"; };
		BC5BC27D1FA392D100EBE001 /* ViewController.swift */ = {isa = PBXFileReference; lastKnownFileType = sourcecode.swift; path = ViewController.swift; sourceTree = "<group>"; };
		BC5BC2801FA392D100EBE001 /* Base */ = {isa = PBXFileReference; lastKnownFileType = file.storyboard; name = Base; path = Base.lproj/Main.storyboard; sourceTree = "<group>"; };
		BC5BC2821FA392D100EBE001 /* Assets.xcassets */ = {isa = PBXFileReference; lastKnownFileType = folder.assetcatalog; path = Assets.xcassets; sourceTree = "<group>"; };
		BC5BC2851FA392D100EBE001 /* Base */ = {isa = PBXFileReference; lastKnownFileType = file.storyboard; name = Base; path = Base.lproj/LaunchScreen.storyboard; sourceTree = "<group>"; };
		BC5BC2871FA392D100EBE001 /* Info.plist */ = {isa = PBXFileReference; lastKnownFileType = text.plist.xml; path = Info.plist; sourceTree = "<group>"; };
		BC5BC28C1FA392D200EBE001 /* ToDoListAppTests.xctest */ = {isa = PBXFileReference; explicitFileType = wrapper.cfbundle; includeInIndex = 0; path = ToDoListAppTests.xctest; sourceTree = BUILT_PRODUCTS_DIR; };
		BC5BC2901FA392D200EBE001 /* ToDoListAppTests.swift */ = {isa = PBXFileReference; lastKnownFileType = sourcecode.swift; path = ToDoListAppTests.swift; sourceTree = "<group>"; };
		BC5BC2921FA392D200EBE001 /* Info.plist */ = {isa = PBXFileReference; lastKnownFileType = text.plist.xml; path = Info.plist; sourceTree = "<group>"; };
		BC5BC2971FA392D200EBE001 /* ToDoListAppUITests.xctest */ = {isa = PBXFileReference; explicitFileType = wrapper.cfbundle; includeInIndex = 0; path = ToDoListAppUITests.xctest; sourceTree = BUILT_PRODUCTS_DIR; };
		BC5BC29B1FA392D200EBE001 /* ToDoListAppUITests.swift */ = {isa = PBXFileReference; lastKnownFileType = sourcecode.swift; path = ToDoListAppUITests.swift; sourceTree = "<group>"; };
		BC5BC29D1FA392D200EBE001 /* Info.plist */ = {isa = PBXFileReference; lastKnownFileType = text.plist.xml; path = Info.plist; sourceTree = "<group>"; };
/* End PBXFileReference section */

/* Begin PBXFrameworksBuildPhase section */
		BC5BC2751FA392D100EBE001 /* Frameworks */ = {
			isa = PBXFrameworksBuildPhase;
			buildActionMask = 2147483647;
			files = (
			);
			runOnlyForDeploymentPostprocessing = 0;
		};
		BC5BC2891FA392D200EBE001 /* Frameworks */ = {
			isa = PBXFrameworksBuildPhase;
			buildActionMask = 2147483647;
			files = (
			);
			runOnlyForDeploymentPostprocessing = 0;
		};
		BC5BC2941FA392D200EBE001 /* Frameworks */ = {
			isa = PBXFrameworksBuildPhase;
			buildActionMask = 2147483647;
			files = (
			);
			runOnlyForDeploymentPostprocessing = 0;
		};
/* End PBXFrameworksBuildPhase section */

/* Begin PBXGroup section */
		BC5BC26F1FA392D100EBE001 = {
			isa = PBXGroup;
			children = (
				BC5BC27A1FA392D100EBE001 /* ToDoListApp */,
				BC5BC28F1FA392D200EBE001 /* ToDoListAppTests */,
				BC5BC29A1FA392D200EBE001 /* ToDoListAppUITests */,
				BC5BC2791FA392D100EBE001 /* Products */,
			);
			sourceTree = "<group>";
		};
		BC5BC2791FA392D100EBE001 /* Products */ = {
			isa = PBXGroup;
			children = (
				BC5BC2781FA392D100EBE001 /* ToDoListApp.app */,
				BC5BC28C1FA392D200EBE001 /* ToDoListAppTests.xctest */,
				BC5BC2971FA392D200EBE001 /* ToDoListAppUITests.xctest */,
			);
			name = Products;
			sourceTree = "<group>";
		};
		BC5BC27A1FA392D100EBE001 /* ToDoListApp */ = {
			isa = PBXGroup;
			children = (
				BC5BC27B1FA392D100EBE001 /* AppDelegate.swift */,
				BC5BC27D1FA392D100EBE001 /* ViewController.swift */,
				BC5BC27F1FA392D100EBE001 /* Main.storyboard */,
				BC5BC2821FA392D100EBE001 /* Assets.xcassets */,
				BC5BC2841FA392D100EBE001 /* LaunchScreen.storyboard */,
				BC5BC2871FA392D100EBE001 /* Info.plist */,
			);
			path = ToDoListApp;
			sourceTree = "<group>";
		};
		BC5BC28F1FA392D200EBE001 /* ToDoListAppTests */ = {
			isa = PBXGroup;
			children = (
				BC5BC2901FA392D200EBE001 /* ToDoListAppTests.swift */,
				BC5BC2921FA392D200EBE001 /* Info.plist */,
			);
			path = ToDoListAppTests;
			sourceTree = "<group>";
		};
		BC5BC29A1FA392D200EBE001 /* ToDoListAppUITests */ = {
			isa = PBXGroup;
			children = (
				BC5BC29B1FA392D200EBE001 /* ToDoListAppUITests.swift */,
				BC5BC29D1FA392D200EBE001 /* Info.plist */,
			);
			path = ToDoListAppUITests;
			sourceTree = "<group>";
		};
/* End PBXGroup section */

/* Begin PBXNativeTarget section */
		BC5BC2771FA392D100EBE001 /* ToDoListApp */ = {
			isa = PBXNativeTarget;
			buildConfigurationList = BC5BC2A01FA392D200EBE001 /* Build configuration list for PBXNativeTarget "ToDoListApp" */;
			buildPhases = (
				BC5BC2741FA392D100EBE001 /* Sources */,
				BC5BC2751FA392D100EBE001 /* Frameworks */,
				BC5BC2761FA392D100EBE001 /* Resources */,
			);
			buildRules = (
			);
			dependencies = (
			);
			name = ToDoListApp;
			productName = ToDoListApp;
			productReference = BC5BC2781FA392D100EBE001 /* ToDoListApp.app */;
			productType = "com.apple.product-type.application";
		};
		BC5BC28B1FA392D200EBE001 /* ToDoListAppTests */ = {
			isa = PBXNativeTarget;
			buildConfigurationList = BC5BC2A31FA392D200EBE001 /* Build configuration list for PBXNativeTarget "ToDoListAppTests" */;
			buildPhases = (
				BC5BC2881FA392D200EBE001 /* Sources */,
				BC5BC2891FA392D200EBE001 /* Frameworks */,
				BC5BC28A1FA392D200EBE001 /* Resources */,
			);
			buildRules = (
			);
			dependencies = (
				BC5BC28E1FA392D200EBE001 /* PBXTargetDependency */,
			);
			name = ToDoListAppTests;
			productName = ToDoListAppTests;
			productReference = BC5BC28C1FA392D200EBE001 /* ToDoListAppTests.xctest */;
			productType = "com.apple.product-type.bundle.unit-test";
		};
		BC5BC2961FA392D200EBE001 /* ToDoListAppUITests */ = {
			isa = PBXNativeTarget;
			buildConfigurationList = BC5BC2A61FA392D200EBE001 /* Build configuration list for PBXNativeTarget "ToDoListAppUITests" */;
			buildPhases = (
				BC5BC2931FA392D200EBE001 /* Sources */,
				BC5BC2941FA392D200EBE001 /* Frameworks */,
				BC5BC2951FA392D200EBE001 /* Resources */,
			);
			buildRules = (
			);
			dependencies = (
				BC5BC2991FA392D200EBE001 /* PBXTargetDependency */,
			);
			name = ToDoListAppUITests;
			productName = ToDoListAppUITests;
			productReference = BC5BC2971FA392D200EBE001 /* ToDoListAppUITests.xctest */;
			productType = "com.apple.product-type.bundle.ui-testing";
		};
/* End PBXNativeTarget section */

/* Begin PBXProject section */
		BC5BC2701FA392D100EBE001 /* Project object */ = {
			isa = PBXProject;
			attributes = {
				LastSwiftUpdateCheck = 0900;
				LastUpgradeCheck = 0900;
				ORGANIZATIONNAME = "Riya Berry";
				TargetAttributes = {
					BC5BC2771FA392D100EBE001 = {
						CreatedOnToolsVersion = 9.0;
						ProvisioningStyle = Automatic;
					};
					BC5BC28B1FA392D200EBE001 = {
						CreatedOnToolsVersion = 9.0;
						ProvisioningStyle = Automatic;
						TestTargetID = BC5BC2771FA392D100EBE001;
					};
					BC5BC2961FA392D200EBE001 = {
						CreatedOnToolsVersion = 9.0;
						ProvisioningStyle = Automatic;
						TestTargetID = BC5BC2771FA392D100EBE001;
					};
				};
			};
			buildConfigurationList = BC5BC2731FA392D100EBE001 /* Build configuration list for PBXProject "ToDoListApp" */;
			compatibilityVersion = "Xcode 8.0";
			developmentRegion = en;
			hasScannedForEncodings = 0;
			knownRegions = (
				en,
				Base,
			);
			mainGroup = BC5BC26F1FA392D100EBE001;
			productRefGroup = BC5BC2791FA392D100EBE001 /* Products */;
			projectDirPath = "";
			projectRoot = "";
			targets = (
				BC5BC2771FA392D100EBE001 /* ToDoListApp */,
				BC5BC28B1FA392D200EBE001 /* ToDoListAppTests */,
				BC5BC2961FA392D200EBE001 /* ToDoListAppUITests */,
			);
		};
/* End PBXProject section */

/* Begin PBXResourcesBuildPhase section */
		BC5BC2761FA392D100EBE001 /* Resources */ = {
			isa = PBXResourcesBuildPhase;
			buildActionMask = 2147483647;
			files = (
				BC5BC2861FA392D100EBE001 /* LaunchScreen.storyboard in Resources */,
				BC5BC2831FA392D100EBE001 /* Assets.xcassets in Resources */,
				BC5BC2811FA392D100EBE001 /* Main.storyboard in Resources */,
			);
			runOnlyForDeploymentPostprocessing = 0;
		};
		BC5BC28A1FA392D200EBE001 /* Resources */ = {
			isa = PBXResourcesBuildPhase;
			buildActionMask = 2147483647;
			files = (
			);
			runOnlyForDeploymentPostprocessing = 0;
		};
		BC5BC2951FA392D200EBE001 /* Resources */ = {
			isa = PBXResourcesBuildPhase;
			buildActionMask = 2147483647;
			files = (
			);
			runOnlyForDeploymentPostprocessing = 0;
		};
/* End PBXResourcesBuildPhase section */

/* Begin PBXSourcesBuildPhase section */
		BC5BC2741FA392D100EBE001 /* Sources */ = {
			isa = PBXSourcesBuildPhase;
			buildActionMask = 2147483647;
			files = (
				BC5BC27E1FA392D100EBE001 /* ViewController.swift in Sources */,
				BC5BC27C1FA392D100EBE001 /* AppDelegate.swift in Sources */,
			);
			runOnlyForDeploymentPostprocessing = 0;
		};
		BC5BC2881FA392D200EBE001 /* Sources */ = {
			isa = PBXSourcesBuildPhase;
			buildActionMask = 2147483647;
			files = (
				BC5BC2911FA392D200EBE001 /* ToDoListAppTests.swift in Sources */,
			);
			runOnlyForDeploymentPostprocessing = 0;
		};
		BC5BC2931FA392D200EBE001 /* Sources */ = {
			isa = PBXSourcesBuildPhase;
			buildActionMask = 2147483647;
			files = (
				BC5BC29C1FA392D200EBE001 /* ToDoListAppUITests.swift in Sources */,
			);
			runOnlyForDeploymentPostprocessing = 0;
		};
/* End PBXSourcesBuildPhase section */

/* Begin PBXTargetDependency section */
		BC5BC28E1FA392D200EBE001 /* PBXTargetDependency */ = {
			isa = PBXTargetDependency;
			target = BC5BC2771FA392D100EBE001 /* ToDoListApp */;
			targetProxy = BC5BC28D1FA392D200EBE001 /* PBXContainerItemProxy */;
		};
		BC5BC2991FA392D200EBE001 /* PBXTargetDependency */ = {
			isa = PBXTargetDependency;
			target = BC5BC2771FA392D100EBE001 /* ToDoListApp */;
			targetProxy = BC5BC2981FA392D200EBE001 /* PBXContainerItemProxy */;
		};
/* End PBXTargetDependency section */

/* Begin PBXVariantGroup section */
		BC5BC27F1FA392D100EBE001 /* Main.storyboard */ = {
			isa = PBXVariantGroup;
			children = (
				BC5BC2801FA392D100EBE001 /* Base */,
			);
			name = Main.storyboard;
			sourceTree = "<group>";
		};
		BC5BC2841FA392D100EBE001 /* LaunchScreen.storyboard */ = {
			isa = PBXVariantGroup;
			children = (
				BC5BC2851FA392D100EBE001 /* Base */,
			);
			name = LaunchScreen.storyboard;
			sourceTree = "<group>";
		};
/* End PBXVariantGroup section */

/* Begin XCBuildConfiguration section */
		BC5BC29E1FA392D200EBE001 /* Debug */ = {
			isa = XCBuildConfiguration;
			buildSettings = {
				ALWAYS_SEARCH_USER_PATHS = NO;
				CLANG_ANALYZER_NONNULL = YES;
				CLANG_ANALYZER_NUMBER_OBJECT_CONVERSION = YES_AGGRESSIVE;
				CLANG_CXX_LANGUAGE_STANDARD = "gnu++14";
				CLANG_CXX_LIBRARY = "libc++";
				CLANG_ENABLE_MODULES = YES;
				CLANG_ENABLE_OBJC_ARC = YES;
				CLANG_WARN_BLOCK_CAPTURE_AUTORELEASING = YES;
				CLANG_WARN_BOOL_CONVERSION = YES;
				CLANG_WARN_COMMA = YES;
				CLANG_WARN_CONSTANT_CONVERSION = YES;
				CLANG_WARN_DIRECT_OBJC_ISA_USAGE = YES_ERROR;
				CLANG_WARN_DOCUMENTATION_COMMENTS = YES;
				CLANG_WARN_EMPTY_BODY = YES;
				CLANG_WARN_ENUM_CONVERSION = YES;
				CLANG_WARN_INFINITE_RECURSION = YES;
				CLANG_WARN_INT_CONVERSION = YES;
				CLANG_WARN_NON_LITERAL_NULL_CONVERSION = YES;
				CLANG_WARN_OBJC_LITERAL_CONVERSION = YES;
				CLANG_WARN_OBJC_ROOT_CLASS = YES_ERROR;
				CLANG_WARN_RANGE_LOOP_ANALYSIS = YES;
				CLANG_WARN_STRICT_PROTOTYPES = YES;
				CLANG_WARN_SUSPICIOUS_MOVE = YES;
				CLANG_WARN_UNGUARDED_AVAILABILITY = YES_AGGRESSIVE;
				CLANG_WARN_UNREACHABLE_CODE = YES;
				CLANG_WARN__DUPLICATE_METHOD_MATCH = YES;
				CODE_SIGN_IDENTITY = "iPhone Developer";
				COPY_PHASE_STRIP = NO;
				DEBUG_INFORMATION_FORMAT = dwarf;
				ENABLE_STRICT_OBJC_MSGSEND = YES;
				ENABLE_TESTABILITY = YES;
				GCC_C_LANGUAGE_STANDARD = gnu11;
				GCC_DYNAMIC_NO_PIC = NO;
				GCC_NO_COMMON_BLOCKS = YES;
				GCC_OPTIMIZATION_LEVEL = 0;
				GCC_PREPROCESSOR_DEFINITIONS = (
					"DEBUG=1",
					"$(inherited)",
				);
				GCC_WARN_64_TO_32_BIT_CONVERSION = YES;
				GCC_WARN_ABOUT_RETURN_TYPE = YES_ERROR;
				GCC_WARN_UNDECLARED_SELECTOR = YES;
				GCC_WARN_UNINITIALIZED_AUTOS = YES_AGGRESSIVE;
				GCC_WARN_UNUSED_FUNCTION = YES;
				GCC_WARN_UNUSED_VARIABLE = YES;
				IPHONEOS_DEPLOYMENT_TARGET = 11.0;
				MTL_ENABLE_DEBUG_INFO = YES;
				ONLY_ACTIVE_ARCH = YES;
				SDKROOT = iphoneos;
				SWIFT_ACTIVE_COMPILATION_CONDITIONS = DEBUG;
				SWIFT_OPTIMIZATION_LEVEL = "-Onone";
			};
			name = Debug;
		};
		BC5BC29F1FA392D200EBE001 /* Release */ = {
			isa = XCBuildConfiguration;
			buildSettings = {
				ALWAYS_SEARCH_USER_PATHS = NO;
				CLANG_ANALYZER_NONNULL = YES;
				CLANG_ANALYZER_NUMBER_OBJECT_CONVERSION = YES_AGGRESSIVE;
				CLANG_CXX_LANGUAGE_STANDARD = "gnu++14";
				CLANG_CXX_LIBRARY = "libc++";
				CLANG_ENABLE_MODULES = YES;
				CLANG_ENABLE_OBJC_ARC = YES;
				CLANG_WARN_BLOCK_CAPTURE_AUTORELEASING = YES;
				CLANG_WARN_BOOL_CONVERSION = YES;
				CLANG_WARN_COMMA = YES;
				CLANG_WARN_CONSTANT_CONVERSION = YES;
				CLANG_WARN_DIRECT_OBJC_ISA_USAGE = YES_ERROR;
				CLANG_WARN_DOCUMENTATION_COMMENTS = YES;
				CLANG_WARN_EMPTY_BODY = YES;
				CLANG_WARN_ENUM_CONVERSION = YES;
				CLANG_WARN_INFINITE_RECURSION = YES;
				CLANG_WARN_INT_CONVERSION = YES;
				CLANG_WARN_NON_LITERAL_NULL_CONVERSION = YES;
				CLANG_WARN_OBJC_LITERAL_CONVERSION = YES;
				CLANG_WARN_OBJC_ROOT_CLASS = YES_ERROR;
				CLANG_WARN_RANGE_LOOP_ANALYSIS = YES;
				CLANG_WARN_STRICT_PROTOTYPES = YES;
				CLANG_WARN_SUSPICIOUS_MOVE = YES;
				CLANG_WARN_UNGUARDED_AVAILABILITY = YES_AGGRESSIVE;
				CLANG_WARN_UNREACHABLE_CODE = YES;
				CLANG_WARN__DUPLICATE_METHOD_MATCH = YES;
				CODE_SIGN_IDENTITY = "iPhone Developer";
				COPY_PHASE_STRIP = NO;
				DEBUG_INFORMATION_FORMAT = "dwarf-with-dsym";
				ENABLE_NS_ASSERTIONS = NO;
				ENABLE_STRICT_OBJC_MSGSEND = YES;
				GCC_C_LANGUAGE_STANDARD = gnu11;
				GCC_NO_COMMON_BLOCKS = YES;
				GCC_WARN_64_TO_32_BIT_CONVERSION = YES;
				GCC_WARN_ABOUT_RETURN_TYPE = YES_ERROR;
				GCC_WARN_UNDECLARED_SELECTOR = YES;
				GCC_WARN_UNINITIALIZED_AUTOS = YES_AGGRESSIVE;
				GCC_WARN_UNUSED_FUNCTION = YES;
				GCC_WARN_UNUSED_VARIABLE = YES;
				IPHONEOS_DEPLOYMENT_TARGET = 11.0;
				MTL_ENABLE_DEBUG_INFO = NO;
				SDKROOT = iphoneos;
				SWIFT_OPTIMIZATION_LEVEL = "-Owholemodule";
				VALIDATE_PRODUCT = YES;
			};
			name = Release;
		};
		BC5BC2A11FA392D200EBE001 /* Debug */ = {
			isa = XCBuildConfiguration;
			buildSettings = {
				ASSETCATALOG_COMPILER_APPICON_NAME = AppIcon;
				CODE_SIGN_STYLE = Automatic;
				INFOPLIST_FILE = ToDoListApp/Info.plist;
				LD_RUNPATH_SEARCH_PATHS = "$(inherited) @executable_path/Frameworks";
				PRODUCT_BUNDLE_IDENTIFIER = Berry.ToDoListApp;
				PRODUCT_NAME = "$(TARGET_NAME)";
				SWIFT_VERSION = 4.0;
				TARGETED_DEVICE_FAMILY = "1,2";
			};
			name = Debug;
		};
		BC5BC2A21FA392D200EBE001 /* Release */ = {
			isa = XCBuildConfiguration;
			buildSettings = {
				ASSETCATALOG_COMPILER_APPICON_NAME = AppIcon;
				CODE_SIGN_STYLE = Automatic;
				INFOPLIST_FILE = ToDoListApp/Info.plist;
				LD_RUNPATH_SEARCH_PATHS = "$(inherited) @executable_path/Frameworks";
				PRODUCT_BUNDLE_IDENTIFIER = Berry.ToDoListApp;
				PRODUCT_NAME = "$(TARGET_NAME)";
				SWIFT_VERSION = 4.0;
				TARGETED_DEVICE_FAMILY = "1,2";
			};
			name = Release;
		};
		BC5BC2A41FA392D200EBE001 /* Debug */ = {
			isa = XCBuildConfiguration;
			buildSettings = {
				ALWAYS_EMBED_SWIFT_STANDARD_LIBRARIES = YES;
				BUNDLE_LOADER = "$(TEST_HOST)";
				CODE_SIGN_STYLE = Automatic;
				INFOPLIST_FILE = ToDoListAppTests/Info.plist;
				LD_RUNPATH_SEARCH_PATHS = "$(inherited) @executable_path/Frameworks @loader_path/Frameworks";
				PRODUCT_BUNDLE_IDENTIFIER = Berry.ToDoListAppTests;
				PRODUCT_NAME = "$(TARGET_NAME)";
				SWIFT_VERSION = 4.0;
				TARGETED_DEVICE_FAMILY = "1,2";
				TEST_HOST = "$(BUILT_PRODUCTS_DIR)/ToDoListApp.app/ToDoListApp";
			};
			name = Debug;
		};
		BC5BC2A51FA392D200EBE001 /* Release */ = {
			isa = XCBuildConfiguration;
			buildSettings = {
				ALWAYS_EMBED_SWIFT_STANDARD_LIBRARIES = YES;
				BUNDLE_LOADER = "$(TEST_HOST)";
				CODE_SIGN_STYLE = Automatic;
				INFOPLIST_FILE = ToDoListAppTests/Info.plist;
				LD_RUNPATH_SEARCH_PATHS = "$(inherited) @executable_path/Frameworks @loader_path/Frameworks";
				PRODUCT_BUNDLE_IDENTIFIER = Berry.ToDoListAppTests;
				PRODUCT_NAME = "$(TARGET_NAME)";
				SWIFT_VERSION = 4.0;
				TARGETED_DEVICE_FAMILY = "1,2";
				TEST_HOST = "$(BUILT_PRODUCTS_DIR)/ToDoListApp.app/ToDoListApp";
			};
			name = Release;
		};
		BC5BC2A71FA392D200EBE001 /* Debug */ = {
			isa = XCBuildConfiguration;
			buildSettings = {
				ALWAYS_EMBED_SWIFT_STANDARD_LIBRARIES = YES;
				CODE_SIGN_STYLE = Automatic;
				INFOPLIST_FILE = ToDoListAppUITests/Info.plist;
				LD_RUNPATH_SEARCH_PATHS = "$(inherited) @executable_path/Frameworks @loader_path/Frameworks";
				PRODUCT_BUNDLE_IDENTIFIER = Berry.ToDoListAppUITests;
				PRODUCT_NAME = "$(TARGET_NAME)";
				SWIFT_VERSION = 4.0;
				TARGETED_DEVICE_FAMILY = "1,2";
				TEST_TARGET_NAME = ToDoListApp;
			};
			name = Debug;
		};
		BC5BC2A81FA392D200EBE001 /* Release */ = {
			isa = XCBuildConfiguration;
			buildSettings = {
				ALWAYS_EMBED_SWIFT_STANDARD_LIBRARIES = YES;
				CODE_SIGN_STYLE = Automatic;
				INFOPLIST_FILE = ToDoListAppUITests/Info.plist;
				LD_RUNPATH_SEARCH_PATHS = "$(inherited) @executable_path/Frameworks @loader_path/Frameworks";
				PRODUCT_BUNDLE_IDENTIFIER = Berry.ToDoListAppUITests;
				PRODUCT_NAME = "$(TARGET_NAME)";
				SWIFT_VERSION = 4.0;
				TARGETED_DEVICE_FAMILY = "1,2";
				TEST_TARGET_NAME = ToDoListApp;
			};
			name = Release;
		};
/* End XCBuildConfiguration section */

/* Begin XCConfigurationList section */
		BC5BC2731FA392D100EBE001 /* Build configuration list for PBXProject "ToDoListApp" */ = {
			isa = XCConfigurationList;
			buildConfigurations = (
				BC5BC29E1FA392D200EBE001 /* Debug */,
				BC5BC29F1FA392D200EBE001 /* Release */,
			);
			defaultConfigurationIsVisible = 0;
			defaultConfigurationName = Release;
		};
		BC5BC2A01FA392D200EBE001 /* Build configuration list for PBXNativeTarget "ToDoListApp" */ = {
			isa = XCConfigurationList;
			buildConfigurations = (
				BC5BC2A11FA392D200EBE001 /* Debug */,
				BC5BC2A21FA392D200EBE001 /* Release */,
			);
			defaultConfigurationIsVisible = 0;
			defaultConfigurationName = Release;
		};
		BC5BC2A31FA392D200EBE001 /* Build configuration list for PBXNativeTarget "ToDoListAppTests" */ = {
			isa = XCConfigurationList;
			buildConfigurations = (
				BC5BC2A41FA392D200EBE001 /* Debug */,
				BC5BC2A51FA392D200EBE001 /* Release */,
			);
			defaultConfigurationIsVisible = 0;
			defaultConfigurationName = Release;
		};
		BC5BC2A61FA392D200EBE001 /* Build configuration list for PBXNativeTarget "ToDoListAppUITests" */ = {
			isa = XCConfigurationList;
			buildConfigurations = (
				BC5BC2A71FA392D200EBE001 /* Debug */,
				BC5BC2A81FA392D200EBE001 /* Release */,
			);
			defaultConfigurationIsVisible = 0;
			defaultConfigurationName = Release;
		};
/* End XCConfigurationList section */
	};
	rootObject = BC5BC2701FA392D100EBE001 /* Project object */;
}
